<?xml version="1.0" encoding="utf-8"?>
<Project ToolsVersion="4.0" xmlns="http://schemas.microsoft.com/developer/msbuild/2003">
  <ItemGroup>
    <Filter Include="Source Files">
      <UniqueIdentifier>{4f823e3c-9ce3-4024-bdaf-e293bc717132}</UniqueIdentifier>
      <Extensions>cpp;c;cxx;rc;def;r;odl;idl;hpj;bat</Extensions>
    </Filter>
    <Filter Include="Header Files">
      <UniqueIdentifier>{e8082b30-7a3f-4524-b37b-b4f397fdbf8a}</UniqueIdentifier>
      <Extensions>h;hpp;hxx;hm;inl</Extensions>
    </Filter>
    <Filter Include="ACS Headers">
      <UniqueIdentifier>{43b6d0e0-f209-4a3d-9113-2e4af2d2844d}</UniqueIdentifier>
      <Extensions>acs</Extensions>
    </Filter>
    <Filter Include="Resource Files">
      <UniqueIdentifier>{1399f1ef-b285-442d-a85e-caac8320a1ed}</UniqueIdentifier>
      <Extensions>ico;cur;bmp;dlg;rc2;rct;bin;rgs;gif;jpg;jpeg;jpe</Extensions>
    </Filter>
  </ItemGroup>
  <ItemGroup>
    <ClCompile Include="Acc.c">
      <Filter>Source Files</Filter>
    </ClCompile>
    <ClCompile Include="Error.c">
      <Filter>Source Files</Filter>
    </ClCompile>
    <ClCompile Include="Misc.c">
      <Filter>Source Files</Filter>
    </ClCompile>
    <ClCompile Include="Parse.c">
      <Filter>Source Files</Filter>
    </ClCompile>
    <ClCompile Include="Pcode.c">
      <Filter>Source Files</Filter>
    </ClCompile>
    <ClCompile Include="Strlist.c">
      <Filter>Source Files</Filter>
    </ClCompile>
    <ClCompile Include="Symbol.c">
      <Filter>Source Files</Filter>
    </ClCompile>
    <ClCompile Include="Token.c">
      <Filter>Source Files</Filter>
    </ClCompile>
  </ItemGroup>
  <ItemGroup>
    <ClInclude Include="Common.h">
      <Filter>Header Files</Filter>
    </ClInclude>
    <ClInclude Include="Error.h">
      <Filter>Header Files</Filter>
    </ClInclude>
    <ClInclude Include="Misc.h">
      <Filter>Header Files</Filter>
    </ClInclude>
    <ClInclude Include="Parse.h">
      <Filter>Header Files</Filter>
    </ClInclude>
    <ClInclude Include="Pcode.h">
      <Filter>Header Files</Filter>
    </ClInclude>
    <ClInclude Include="Strlist.h">
      <Filter>Header Files</Filter>
    </ClInclude>
    <ClInclude Include="Symbol.h">
      <Filter>Header Files</Filter>
    </ClInclude>
    <ClInclude Include="Token.h">
      <Filter>Header Files</Filter>
    </ClInclude>
  </ItemGroup>
  <ItemGroup>
    <CustomBuild Include="zcommon.acs">
      <Filter>ACS Headers</Filter>
    </CustomBuild>
    <CustomBuild Include="zdefs.acs">
      <Filter>ACS Headers</Filter>
    </CustomBuild>
    <CustomBuild Include="zspecial.acs">
      <Filter>ACS Headers</Filter>
    </CustomBuild>
    <CustomBuild Include="zwvars.acs">
      <Filter>ACS Headers</Filter>
    </CustomBuild>
    <CustomBuild Include="Makefile" />
  </ItemGroup>
</Project>